<?xml version="1.0" encoding="utf-8"?>
<Project ToolsVersion="4.0" xmlns="http://schemas.microsoft.com/developer/msbuild/2003">
  <ItemGroup>
    <Filter Include="소스 파일">
      <UniqueIdentifier>{4FC737F1-C7A5-4376-A066-2A32D752A2FF}</UniqueIdentifier>
      <Extensions>cpp;c;cc;cxx;def;odl;idl;hpj;bat;asm;asmx</Extensions>
    </Filter>
    <Filter Include="헤더 파일">
      <UniqueIdentifier>{93995380-89BD-4b04-88EB-625FBE52EBFB}</UniqueIdentifier>
      <Extensions>h;hh;hpp;hxx;hm;inl;inc;xsd</Extensions>
    </Filter>
    <Filter Include="리소스 파일">
      <UniqueIdentifier>{67DA6AB6-F800-4c08-8B7A-83BB121AAD01}</UniqueIdentifier>
      <Extensions>rc;ico;cur;bmp;dlg;rc2;rct;bin;rgs;gif;jpg;jpeg;jpe;resx;tiff;tif;png;wav;mfcribbon-ms</Extensions>
    </Filter>
    <Filter Include="소스 파일\TEXTRPG">
      <UniqueIdentifier>{c60b154d-f0eb-45c0-a916-4a25e1af7b83}</UniqueIdentifier>
    </Filter>
    <Filter Include="소스 파일\TEXTRPG\Character">
      <UniqueIdentifier>{7ddc8b15-0158-45e7-8621-c7130e251c64}</UniqueIdentifier>
    </Filter>
    <Filter Include="소스 파일\TEXTRPG\Weapon">
      <UniqueIdentifier>{ec3209de-7a7b-4b40-a610-c092f5f9ff37}</UniqueIdentifier>
    </Filter>
    <Filter Include="소스 파일\TEXTRPG\BufItem">
      <UniqueIdentifier>{a80fb573-5ed3-4947-9329-270eee30be33}</UniqueIdentifier>
    </Filter>
    <Filter Include="소스 파일\TEXTRPG\Monster">
      <UniqueIdentifier>{549cf748-631c-4db2-8ff1-af5cd9cb845f}</UniqueIdentifier>
    </Filter>
    <Filter Include="소스 파일\TEXTRPG\Inventory">
      <UniqueIdentifier>{6abfd31b-2c14-42e0-8c43-321282541676}</UniqueIdentifier>
    </Filter>
    <Filter Include="소스 파일\TEXTRPG\Potion">
      <UniqueIdentifier>{4221a230-ff14-4750-bb88-da4fea674765}</UniqueIdentifier>
    </Filter>
    <Filter Include="소스 파일\TEXTRPG\Factory">
      <UniqueIdentifier>{76e936dc-2eb2-4f36-b8b7-9443ce0d46bb}</UniqueIdentifier>
    </Filter>
    <Filter Include="소스 파일\TEXTRPG\Parser">
      <UniqueIdentifier>{d7bd5ef3-60e4-41aa-9cb1-07d9ae5c60df}</UniqueIdentifier>
    </Filter>
    <Filter Include="소스 파일\TEXTRPG\MainGame">
      <UniqueIdentifier>{c93392ee-4ff2-4daa-9b96-8ffc6060b38a}</UniqueIdentifier>
    </Filter>
    <Filter Include="소스 파일\TEXTRPG\InventoryMgr">
      <UniqueIdentifier>{d48ee5ad-f0c1-48ab-a04f-748db23ffe06}</UniqueIdentifier>
    </Filter>
    <Filter Include="소스 파일\TEXTRPG\Field">
      <UniqueIdentifier>{4bcd339a-67b6-4332-8e50-eda832e68d76}</UniqueIdentifier>
    </Filter>
  </ItemGroup>
  <ItemGroup>
    <ClCompile Include="test.cpp">
      <Filter>소스 파일</Filter>
    </ClCompile>
    <ClCompile Include="rpg.cpp">
      <Filter>소스 파일\TEXTRPG</Filter>
    </ClCompile>
    <ClCompile Include="stdafx.cpp">
      <Filter>소스 파일</Filter>
    </ClCompile>
    <ClCompile Include="Character.cpp">
      <Filter>소스 파일\TEXTRPG\Character</Filter>
    </ClCompile>
    <ClCompile Include="Weapon.cpp">
      <Filter>소스 파일\TEXTRPG\Weapon</Filter>
    </ClCompile>
    <ClCompile Include="BufItem.cpp">
      <Filter>소스 파일\TEXTRPG\BufItem</Filter>
    </ClCompile>
    <ClCompile Include="Monster.cpp">
      <Filter>소스 파일\TEXTRPG\Monster</Filter>
    </ClCompile>
    <ClCompile Include="Inventory.cpp">
      <Filter>소스 파일\TEXTRPG\Inventory</Filter>
    </ClCompile>
    <ClCompile Include="Potion.cpp">
      <Filter>소스 파일\TEXTRPG\Potion</Filter>
    </ClCompile>
    <ClCompile Include="Factory.cpp">
      <Filter>소스 파일\TEXTRPG\Factory</Filter>
    </ClCompile>
    <ClCompile Include="Parser.cpp">
      <Filter>소스 파일\TEXTRPG\Parser</Filter>
    </ClCompile>
    <ClCompile Include="MainGame.cpp">
      <Filter>소스 파일\TEXTRPG\MainGame</Filter>
    </ClCompile>
    <ClCompile Include="InventoryMgr.cpp">
      <Filter>소스 파일\TEXTRPG\InventoryMgr</Filter>
    </ClCompile>
    <ClCompile Include="Field.cpp">
      <Filter>소스 파일\TEXTRPG\Field</Filter>
    </ClCompile>
  </ItemGroup>
  <ItemGroup>
    <ClInclude Include="resource.h">
      <Filter>헤더 파일</Filter>
    </ClInclude>
    <ClInclude Include="stdafx.h">
      <Filter>헤더 파일</Filter>
    </ClInclude>
    <ClInclude Include="targetver.h">
      <Filter>헤더 파일</Filter>
    </ClInclude>
    <ClInclude Include="TextRPG.h">
      <Filter>헤더 파일</Filter>
    </ClInclude>
    <ClInclude Include="constant.h">
      <Filter>헤더 파일</Filter>
    </ClInclude>
    <ClInclude Include="enums.h">
      <Filter>헤더 파일</Filter>
    </ClInclude>
    <ClInclude Include="Character.h">
      <Filter>소스 파일\TEXTRPG\Character</Filter>
    </ClInclude>
    <ClInclude Include="Weapon.h">
      <Filter>소스 파일\TEXTRPG\Weapon</Filter>
    </ClInclude>
    <ClInclude Include="Bufitem.h">
      <Filter>소스 파일\TEXTRPG\BufItem</Filter>
    </ClInclude>
    <ClInclude Include="Monster.h">
      <Filter>소스 파일\TEXTRPG\Monster</Filter>
    </ClInclude>
    <ClInclude Include="Inventory.h">
      <Filter>소스 파일\TEXTRPG\Inventory</Filter>
    </ClInclude>
    <ClInclude Include="Potion.h">
      <Filter>소스 파일\TEXTRPG\Potion</Filter>
    </ClInclude>
    <ClInclude Include="Parser.h">
      <Filter>소스 파일\TEXTRPG\Parser</Filter>
    </ClInclude>
    <ClInclude Include="MainGame.h">
      <Filter>소스 파일\TEXTRPG\MainGame</Filter>
    </ClInclude>
    <ClInclude Include="Factory.h">
      <Filter>소스 파일\TEXTRPG\Factory</Filter>
    </ClInclude>
    <ClInclude Include="InventoryMgr.h">
      <Filter>소스 파일\TEXTRPG\InventoryMgr</Filter>
    </ClInclude>
    <ClInclude Include="Field.h">
      <Filter>소스 파일\TEXTRPG\Field</Filter>
    </ClInclude>
  </ItemGroup>
</Project>